
Microsoft Visual Studio Solution File, Format Version 12.00
# Visual Studio Version 17
VisualStudioVersion = 17.1.32328.378
MinimumVisualStudioVersion = 10.0.40219.1
Project("{9A19103F-16F7-4668-BE54-9A1E7A4F7556}") = "week4.CacheAPI", "week4.CacheAPI.csproj", "{42E854A3-9D0D-49FA-A519-F3A8237BA7CE}"
EndProject
Global
	GlobalSection(SolutionConfigurationPlatforms) = preSolution
		Debug|Any CPU = Debug|Any CPU
		Release|Any CPU = Release|Any CPU
	EndGlobalSection
	GlobalSection(ProjectConfigurationPlatforms) = postSolution
		{42E854A3-9D0D-49FA-A519-F3A8237BA7CE}.Debug|Any CPU.ActiveCfg = Debug|Any CPU
		{42E854A3-9D0D-49FA-A519-F3A8237BA7CE}.Debug|Any CPU.Build.0 = Debug|Any CPU
		{42E854A3-9D0D-49FA-A519-F3A8237BA7CE}.Release|Any CPU.ActiveCfg = Release|Any CPU
		{42E854A3-9D0D-49FA-A519-F3A8237BA7CE}.Release|Any CPU.Build.0 = Release|Any CPU
	EndGlobalSection
	GlobalSection(SolutionProperties) = preSolution
		HideSolutionNode = FALSE
	EndGlobalSection
	GlobalSection(ExtensibilityGlobals) = postSolution
		SolutionGuid = {776D5552-81BE-4832-AED7-01BE51063CC5}
	EndGlobalSection
EndGlobal
